
Microsoft Visual Studio Solution File, Format Version 12.00
# Visual Studio Version 16
VisualStudioVersion = 16.0.31911.196
MinimumVisualStudioVersion = 10.0.40219.1
Project("{FAE04EC0-301F-11D3-BF4B-00C04F79EFBC}") = "Able", "Able.csproj", "{6A6EDAB2-4C19-4373-985A-6A5813ECF399}"
EndProject
Global
	GlobalSection(SolutionConfigurationPlatforms) = preSolution
		Debug|Any CPU = Debug|Any CPU
		Release|Any CPU = Release|Any CPU
	EndGlobalSection
	GlobalSection(ProjectConfigurationPlatforms) = postSolution
		{6A6EDAB2-4C19-4373-985A-6A5813ECF399}.Debug|Any CPU.ActiveCfg = Debug|Any CPU
		{6A6EDAB2-4C19-4373-985A-6A5813ECF399}.Debug|Any CPU.Build.0 = Debug|Any CPU
		{6A6EDAB2-4C19-4373-985A-6A5813ECF399}.Release|Any CPU.ActiveCfg = Release|Any CPU
		{6A6EDAB2-4C19-4373-985A-6A5813ECF399}.Release|Any CPU.Build.0 = Release|Any CPU
	EndGlobalSection
	GlobalSection(SolutionProperties) = preSolution
		HideSolutionNode = FALSE
	EndGlobalSection
	GlobalSection(ExtensibilityGlobals) = postSolution
		SolutionGuid = {479944EE-3879-4712-B612-C639369E30B9}
	EndGlobalSection
EndGlobal
